
Microsoft Visual Studio Solution File, Format Version 12.00
# Visual Studio Version 17
VisualStudioVersion = 17.11.35327.3
MinimumVisualStudioVersion = 10.0.40219.1
Project("{2150E333-8FDC-42A3-9474-1A3956D46DE8}") = "CMake", "CMake", "{E5F5C5C4-7A5B-31A1-B289-64644499B8D6}"
EndProject
Project("{2150E333-8FDC-42A3-9474-1A3956D46DE8}") = "SFML", "SFML", "{ED5E80FA-9B11-3A41-92FE-8349B193CFF0}"
EndProject
Project("{8BC9CEB8-8B4A-11D0-8D11-00A0C91BC942}") = "ALL_BUILD", "ALL_BUILD.vcxproj", "{9A019BCC-33ED-3DB5-9E32-89B6A4501F28}"
	ProjectSection(ProjectDependencies) = postProject
		{140B343D-9D46-347C-80B1-85FAB324C211} = {140B343D-9D46-347C-80B1-85FAB324C211}
		{2C4A0166-747F-3570-AD5B-D42A5C3D2FB7} = {2C4A0166-747F-3570-AD5B-D42A5C3D2FB7}
		{FC0BF59D-5EA9-3137-824B-FA0ED5871400} = {FC0BF59D-5EA9-3137-824B-FA0ED5871400}
	EndProjectSection
EndProject
Project("{8BC9CEB8-8B4A-11D0-8D11-00A0C91BC942}") = "INSTALL", "INSTALL.vcxproj", "{A034E3DE-26F3-36A3-B890-1E4271169A41}"
	ProjectSection(ProjectDependencies) = postProject
		{9A019BCC-33ED-3DB5-9E32-89B6A4501F28} = {9A019BCC-33ED-3DB5-9E32-89B6A4501F28}
		{FC0BF59D-5EA9-3137-824B-FA0ED5871400} = {FC0BF59D-5EA9-3137-824B-FA0ED5871400}
	EndProjectSection
EndProject
Project("{8BC9CEB8-8B4A-11D0-8D11-00A0C91BC942}") = "PACKAGE", "PACKAGE.vcxproj", "{4657FBBB-112D-38BA-B7C8-9D83E5225266}"
	ProjectSection(ProjectDependencies) = postProject
		{9A019BCC-33ED-3DB5-9E32-89B6A4501F28} = {9A019BCC-33ED-3DB5-9E32-89B6A4501F28}
		{FC0BF59D-5EA9-3137-824B-FA0ED5871400} = {FC0BF59D-5EA9-3137-824B-FA0ED5871400}
	EndProjectSection
EndProject
Project("{8BC9CEB8-8B4A-11D0-8D11-00A0C91BC942}") = "ZERO_CHECK", "ZERO_CHECK.vcxproj", "{FC0BF59D-5EA9-3137-824B-FA0ED5871400}"
EndProject
Project("{8BC9CEB8-8B4A-11D0-8D11-00A0C91BC942}") = "main", "main.vcxproj", "{140B343D-9D46-347C-80B1-85FAB324C211}"
	ProjectSection(ProjectDependencies) = postProject
		{2C4A0166-747F-3570-AD5B-D42A5C3D2FB7} = {2C4A0166-747F-3570-AD5B-D42A5C3D2FB7}
		{2D8AC084-4031-393E-B569-DDC035137BA0} = {2D8AC084-4031-393E-B569-DDC035137BA0}
		{ABCD8285-7F30-3F07-B0D3-011FC957BAB7} = {ABCD8285-7F30-3F07-B0D3-011FC957BAB7}
		{FC0BF59D-5EA9-3137-824B-FA0ED5871400} = {FC0BF59D-5EA9-3137-824B-FA0ED5871400}
	EndProjectSection
EndProject
Project("{8BC9CEB8-8B4A-11D0-8D11-00A0C91BC942}") = "sfml-graphics", "_deps\sfml-build\src\SFML\Graphics\sfml-graphics.vcxproj", "{2C4A0166-747F-3570-AD5B-D42A5C3D2FB7}"
	ProjectSection(ProjectDependencies) = postProject
		{2D8AC084-4031-393E-B569-DDC035137BA0} = {2D8AC084-4031-393E-B569-DDC035137BA0}
		{ABCD8285-7F30-3F07-B0D3-011FC957BAB7} = {ABCD8285-7F30-3F07-B0D3-011FC957BAB7}
		{FC0BF59D-5EA9-3137-824B-FA0ED5871400} = {FC0BF59D-5EA9-3137-824B-FA0ED5871400}
	EndProjectSection
EndProject
Project("{8BC9CEB8-8B4A-11D0-8D11-00A0C91BC942}") = "sfml-system", "_deps\sfml-build\src\SFML\System\sfml-system.vcxproj", "{2D8AC084-4031-393E-B569-DDC035137BA0}"
	ProjectSection(ProjectDependencies) = postProject
		{FC0BF59D-5EA9-3137-824B-FA0ED5871400} = {FC0BF59D-5EA9-3137-824B-FA0ED5871400}
	EndProjectSection
EndProject
Project("{8BC9CEB8-8B4A-11D0-8D11-00A0C91BC942}") = "sfml-window", "_deps\sfml-build\src\SFML\Window\sfml-window.vcxproj", "{ABCD8285-7F30-3F07-B0D3-011FC957BAB7}"
	ProjectSection(ProjectDependencies) = postProject
		{2D8AC084-4031-393E-B569-DDC035137BA0} = {2D8AC084-4031-393E-B569-DDC035137BA0}
		{FC0BF59D-5EA9-3137-824B-FA0ED5871400} = {FC0BF59D-5EA9-3137-824B-FA0ED5871400}
	EndProjectSection
EndProject
Global
	GlobalSection(SolutionConfigurationPlatforms) = preSolution
		Debug|x64 = Debug|x64
		MinSizeRel|x64 = MinSizeRel|x64
		Release|x64 = Release|x64
		RelWithDebInfo|x64 = RelWithDebInfo|x64
	EndGlobalSection
	GlobalSection(ProjectConfigurationPlatforms) = postSolution
		{9A019BCC-33ED-3DB5-9E32-89B6A4501F28}.Debug|x64.ActiveCfg = Debug|x64
		{9A019BCC-33ED-3DB5-9E32-89B6A4501F28}.Debug|x64.Build.0 = Debug|x64
		{9A019BCC-33ED-3DB5-9E32-89B6A4501F28}.MinSizeRel|x64.ActiveCfg = MinSizeRel|x64
		{9A019BCC-33ED-3DB5-9E32-89B6A4501F28}.MinSizeRel|x64.Build.0 = MinSizeRel|x64
		{9A019BCC-33ED-3DB5-9E32-89B6A4501F28}.Release|x64.ActiveCfg = Release|x64
		{9A019BCC-33ED-3DB5-9E32-89B6A4501F28}.Release|x64.Build.0 = Release|x64
		{9A019BCC-33ED-3DB5-9E32-89B6A4501F28}.RelWithDebInfo|x64.ActiveCfg = RelWithDebInfo|x64
		{9A019BCC-33ED-3DB5-9E32-89B6A4501F28}.RelWithDebInfo|x64.Build.0 = RelWithDebInfo|x64
		{A034E3DE-26F3-36A3-B890-1E4271169A41}.Debug|x64.ActiveCfg = Debug|x64
		{A034E3DE-26F3-36A3-B890-1E4271169A41}.MinSizeRel|x64.ActiveCfg = MinSizeRel|x64
		{A034E3DE-26F3-36A3-B890-1E4271169A41}.Release|x64.ActiveCfg = Release|x64
		{A034E3DE-26F3-36A3-B890-1E4271169A41}.RelWithDebInfo|x64.ActiveCfg = RelWithDebInfo|x64
		{4657FBBB-112D-38BA-B7C8-9D83E5225266}.Debug|x64.ActiveCfg = Debug|x64
		{4657FBBB-112D-38BA-B7C8-9D83E5225266}.MinSizeRel|x64.ActiveCfg = MinSizeRel|x64
		{4657FBBB-112D-38BA-B7C8-9D83E5225266}.Release|x64.ActiveCfg = Release|x64
		{4657FBBB-112D-38BA-B7C8-9D83E5225266}.RelWithDebInfo|x64.ActiveCfg = RelWithDebInfo|x64
		{FC0BF59D-5EA9-3137-824B-FA0ED5871400}.Debug|x64.ActiveCfg = Debug|x64
		{FC0BF59D-5EA9-3137-824B-FA0ED5871400}.Debug|x64.Build.0 = Debug|x64
		{FC0BF59D-5EA9-3137-824B-FA0ED5871400}.MinSizeRel|x64.ActiveCfg = MinSizeRel|x64
		{FC0BF59D-5EA9-3137-824B-FA0ED5871400}.MinSizeRel|x64.Build.0 = MinSizeRel|x64
		{FC0BF59D-5EA9-3137-824B-FA0ED5871400}.Release|x64.ActiveCfg = Release|x64
		{FC0BF59D-5EA9-3137-824B-FA0ED5871400}.Release|x64.Build.0 = Release|x64
		{FC0BF59D-5EA9-3137-824B-FA0ED5871400}.RelWithDebInfo|x64.ActiveCfg = RelWithDebInfo|x64
		{FC0BF59D-5EA9-3137-824B-FA0ED5871400}.RelWithDebInfo|x64.Build.0 = RelWithDebInfo|x64
		{140B343D-9D46-347C-80B1-85FAB324C211}.Debug|x64.ActiveCfg = Debug|x64
		{140B343D-9D46-347C-80B1-85FAB324C211}.Debug|x64.Build.0 = Debug|x64
		{140B343D-9D46-347C-80B1-85FAB324C211}.MinSizeRel|x64.ActiveCfg = MinSizeRel|x64
		{140B343D-9D46-347C-80B1-85FAB324C211}.MinSizeRel|x64.Build.0 = MinSizeRel|x64
		{140B343D-9D46-347C-80B1-85FAB324C211}.Release|x64.ActiveCfg = Release|x64
		{140B343D-9D46-347C-80B1-85FAB324C211}.Release|x64.Build.0 = Release|x64
		{140B343D-9D46-347C-80B1-85FAB324C211}.RelWithDebInfo|x64.ActiveCfg = RelWithDebInfo|x64
		{140B343D-9D46-347C-80B1-85FAB324C211}.RelWithDebInfo|x64.Build.0 = RelWithDebInfo|x64
		{2C4A0166-747F-3570-AD5B-D42A5C3D2FB7}.Debug|x64.ActiveCfg = Debug|x64
		{2C4A0166-747F-3570-AD5B-D42A5C3D2FB7}.Debug|x64.Build.0 = Debug|x64
		{2C4A0166-747F-3570-AD5B-D42A5C3D2FB7}.MinSizeRel|x64.ActiveCfg = MinSizeRel|x64
		{2C4A0166-747F-3570-AD5B-D42A5C3D2FB7}.MinSizeRel|x64.Build.0 = MinSizeRel|x64
		{2C4A0166-747F-3570-AD5B-D42A5C3D2FB7}.Release|x64.ActiveCfg = Release|x64
		{2C4A0166-747F-3570-AD5B-D42A5C3D2FB7}.Release|x64.Build.0 = Release|x64
		{2C4A0166-747F-3570-AD5B-D42A5C3D2FB7}.RelWithDebInfo|x64.ActiveCfg = RelWithDebInfo|x64
		{2C4A0166-747F-3570-AD5B-D42A5C3D2FB7}.RelWithDebInfo|x64.Build.0 = RelWithDebInfo|x64
		{2D8AC084-4031-393E-B569-DDC035137BA0}.Debug|x64.ActiveCfg = Debug|x64
		{2D8AC084-4031-393E-B569-DDC035137BA0}.Debug|x64.Build.0 = Debug|x64
		{2D8AC084-4031-393E-B569-DDC035137BA0}.MinSizeRel|x64.ActiveCfg = MinSizeRel|x64
		{2D8AC084-4031-393E-B569-DDC035137BA0}.MinSizeRel|x64.Build.0 = MinSizeRel|x64
		{2D8AC084-4031-393E-B569-DDC035137BA0}.Release|x64.ActiveCfg = Release|x64
		{2D8AC084-4031-393E-B569-DDC035137BA0}.Release|x64.Build.0 = Release|x64
		{2D8AC084-4031-393E-B569-DDC035137BA0}.RelWithDebInfo|x64.ActiveCfg = RelWithDebInfo|x64
		{2D8AC084-4031-393E-B569-DDC035137BA0}.RelWithDebInfo|x64.Build.0 = RelWithDebInfo|x64
		{ABCD8285-7F30-3F07-B0D3-011FC957BAB7}.Debug|x64.ActiveCfg = Debug|x64
		{ABCD8285-7F30-3F07-B0D3-011FC957BAB7}.Debug|x64.Build.0 = Debug|x64
		{ABCD8285-7F30-3F07-B0D3-011FC957BAB7}.MinSizeRel|x64.ActiveCfg = MinSizeRel|x64
		{ABCD8285-7F30-3F07-B0D3-011FC957BAB7}.MinSizeRel|x64.Build.0 = MinSizeRel|x64
		{ABCD8285-7F30-3F07-B0D3-011FC957BAB7}.Release|x64.ActiveCfg = Release|x64
		{ABCD8285-7F30-3F07-B0D3-011FC957BAB7}.Release|x64.Build.0 = Release|x64
		{ABCD8285-7F30-3F07-B0D3-011FC957BAB7}.RelWithDebInfo|x64.ActiveCfg = RelWithDebInfo|x64
		{ABCD8285-7F30-3F07-B0D3-011FC957BAB7}.RelWithDebInfo|x64.Build.0 = RelWithDebInfo|x64
	EndGlobalSection
	GlobalSection(SolutionProperties) = preSolution
		HideSolutionNode = FALSE
	EndGlobalSection
	GlobalSection(NestedProjects) = preSolution
		{9A019BCC-33ED-3DB5-9E32-89B6A4501F28} = {E5F5C5C4-7A5B-31A1-B289-64644499B8D6}
		{A034E3DE-26F3-36A3-B890-1E4271169A41} = {E5F5C5C4-7A5B-31A1-B289-64644499B8D6}
		{4657FBBB-112D-38BA-B7C8-9D83E5225266} = {E5F5C5C4-7A5B-31A1-B289-64644499B8D6}
		{FC0BF59D-5EA9-3137-824B-FA0ED5871400} = {E5F5C5C4-7A5B-31A1-B289-64644499B8D6}
		{2C4A0166-747F-3570-AD5B-D42A5C3D2FB7} = {ED5E80FA-9B11-3A41-92FE-8349B193CFF0}
		{2D8AC084-4031-393E-B569-DDC035137BA0} = {ED5E80FA-9B11-3A41-92FE-8349B193CFF0}
		{ABCD8285-7F30-3F07-B0D3-011FC957BAB7} = {ED5E80FA-9B11-3A41-92FE-8349B193CFF0}
	EndGlobalSection
	GlobalSection(ExtensibilityGlobals) = postSolution
		SolutionGuid = {7E536454-D199-3144-AF5E-FA0430E7C668}
	EndGlobalSection
EndGlobal
