<?xml version="1.0" encoding="utf-8"?>
<Project ToolsVersion="17.0" xmlns="http://schemas.microsoft.com/developer/msbuild/2003">
  <ItemGroup>
    <ClCompile Include="C:\Users\micha\OneDrive\Documents\GitHub\JTile\src\main.cpp">
      <Filter>Source Files</Filter>
    </ClCompile>
    <ClCompile Include="src\core\baseGameState.cpp">
      <Filter>Source Files\core</Filter>
    </ClCompile>
    <ClCompile Include="src\core\root.cpp">
      <Filter>Source Files\core</Filter>
    </ClCompile>
    <ClCompile Include="src\entities\baseObject.cpp">
      <Filter>Source Files\entities</Filter>
    </ClCompile>
    <ClCompile Include="src\entities\character\character.cpp">
      <Filter>Source Files\entities\character</Filter>
    </ClCompile>
    <ClCompile Include="src\scenes\game.cpp">
      <Filter>Source Files\scenes</Filter>
    </ClCompile>
    <ClCompile Include="src\scenes\menu.cpp">
      <Filter>Source Files\scenes</Filter>
    </ClCompile>
    <ClCompile Include="src\scenes\title.cpp">
      <Filter>Source Files\scenes</Filter>
    </ClCompile>
    <ClCompile Include="src\core\tools\tilemap.cpp" />
  </ItemGroup>
  <ItemGroup>
    <CustomBuild Include="C:\Users\micha\OneDrive\Documents\GitHub\JTile\CMakeLists.txt" />
  </ItemGroup>
  <ItemGroup>
    <Filter Include="Source Files">
      <UniqueIdentifier>{7E7909EC-A427-3F72-8365-8EA3408D091D}</UniqueIdentifier>
    </Filter>
    <Filter Include="Header Files">
      <UniqueIdentifier>{be146a91-d875-4730-8b7a-c882706c7de3}</UniqueIdentifier>
    </Filter>
    <Filter Include="Header Files\core">
      <UniqueIdentifier>{2bf14538-b2cc-4599-b781-3bf58efadc48}</UniqueIdentifier>
    </Filter>
    <Filter Include="Header Files\scenes">
      <UniqueIdentifier>{29f010c8-9704-4e30-96a9-3414282e30f7}</UniqueIdentifier>
    </Filter>
    <Filter Include="Header Files\entities">
      <UniqueIdentifier>{93839384-b25c-4778-b6c5-ba84eb1e9fca}</UniqueIdentifier>
    </Filter>
    <Filter Include="Source Files\core">
      <UniqueIdentifier>{06cc783e-cdb3-40d6-91e1-d49bd36dd2d8}</UniqueIdentifier>
    </Filter>
    <Filter Include="Source Files\entities">
      <UniqueIdentifier>{0920bf18-c802-4115-b94f-42f6bfb78e8d}</UniqueIdentifier>
    </Filter>
    <Filter Include="Source Files\scenes">
      <UniqueIdentifier>{550ece55-ad65-4ed4-8b51-d41907cbe603}</UniqueIdentifier>
    </Filter>
    <Filter Include="Source Files\entities\character">
      <UniqueIdentifier>{ffdebe27-c852-4661-a31b-15460c5eff01}</UniqueIdentifier>
    </Filter>
    <Filter Include="Source Files\core\tools">
      <UniqueIdentifier>{d29e3c98-60e0-4af1-85fb-3d280f761fb5}</UniqueIdentifier>
    </Filter>
    <Filter Include="Header Files\entities\character">
      <UniqueIdentifier>{c6741e4b-684a-4753-8b0a-54a9095820ce}</UniqueIdentifier>
    </Filter>
  </ItemGroup>
  <ItemGroup>
    <ClInclude Include="headers\core\baseGameState.h">
      <Filter>Header Files\core</Filter>
    </ClInclude>
    <ClInclude Include="headers\core\baseIncludes.h">
      <Filter>Header Files\core</Filter>
    </ClInclude>
    <ClInclude Include="headers\core\root.h">
      <Filter>Header Files\core</Filter>
    </ClInclude>
    <ClInclude Include="headers\entities\baseObject.h">
      <Filter>Header Files\entities</Filter>
    </ClInclude>
    <ClInclude Include="headers\entities\character\character.h">
      <Filter>Header Files\entities\character</Filter>
    </ClInclude>
    <ClInclude Include="headers\scenes\game.h">
      <Filter>Header Files\scenes</Filter>
    </ClInclude>
    <ClInclude Include="headers\scenes\menu.h">
      <Filter>Header Files\scenes</Filter>
    </ClInclude>
    <ClInclude Include="headers\scenes\title.h">
      <Filter>Header Files\scenes</Filter>
    </ClInclude>
  </ItemGroup>
</Project>